# This file is autogenerated, do not edit; changes may be undone by the next 'dep ensure'.


[[projects]]
  digest = "1:88b822fdfd4e6cc3e04bcae689b9914dadf385fbf17ccd9204dd5fa1c4582f38"
  name = "github.com/RangelReale/osin"
  packages = ["."]
  pruneopts = "UT"
  revision = "0f3357bb07e801ea62327872d19913969001dd7a"
  version = "v1.0.1"

[[projects]]
  digest = "1:a97ddad89f7b48876da3e3610ff86c0f0670df14b8bb8941d57418a3ca72584d"
  name = "github.com/ansel1/merry"
  packages = ["."]
  pruneopts = "UT"
  revision = "6cbec365a520b977d098dceb3005d91a2c78a799"
  version = "v1.5.0"

[[projects]]
  branch = "master"
  digest = "1:9faf36431bedc19ecedbfe05f7be01676b598647ca8aa34139e2fd510e61126e"
  name = "github.com/felipeweb/gopher-utils"
  packages = ["."]
  pruneopts = "UT"
  revision = "05a00fc86ef51b7b351fb05a0e13307c85dbe115"

[[projects]]
  branch = "master"
  digest = "1:641f91f80e3f4357ab4271b7d391c9bca8a82863f5dcd087a8346a8e4cf2024a"
  name = "github.com/felipeweb/osin-mysql"
  packages = ["."]
  pruneopts = "UT"
  revision = "269603eb06cfa0a1e839d3c9c59ddab39cf6fb9e"

[[projects]]
  digest = "1:e9a0fa7c2dfc90e0fae16be5825ad98074d8704f5fcebfdc289a8e8fb0f8e4b5"
  name = "github.com/go-ldap/ldap"
  packages = ["."]
  pruneopts = "UT"
  revision = "9f0d712775a0973b7824a1585a86a4ea1d5263d9"
  version = "v3.0.3"

[[projects]]
  digest = "1:ec6f9bf5e274c833c911923c9193867f3f18788c461f76f05f62bb1510e0ae65"
  name = "github.com/go-sql-driver/mysql"
  packages = ["."]
  pruneopts = "UT"
  revision = "72cd26f257d44c1114970e19afddcd812016007e"
  version = "v1.4.1"

[[projects]]
  digest = "1:582b704bebaa06b48c29b0cec224a6058a09c86883aaddabde889cd1a5f73e1b"
  name = "github.com/google/uuid"
  packages = ["."]
  pruneopts = "UT"
  revision = "0cd6bf5da1e1c83f8b45653022c74f71af0538a4"
  version = "v1.1.1"

[[projects]]
  digest = "1:b117faf01abdbdadd7b8ceeae74cd1369c1b073fef41aee8b674c9d704a54c16"
  name = "github.com/gorilla/handlers"
  packages = ["."]
  pruneopts = "UT"
  revision = "8a3748addc242fc560bd6d4ff28b0374c010b1b4"
  version = "v1.4.2"

[[projects]]
  digest = "1:cbec35fe4d5a4fba369a656a8cd65e244ea2c743007d8f6c1ccb132acf9d1296"
  name = "github.com/gorilla/mux"
  packages = ["."]
  pruneopts = "UT"
  revision = "00bdffe0f3c77e27d2cf6f5c70232a2d3e4d9c15"
  version = "v1.7.3"

[[projects]]
  digest = "1:e5d0bd87abc2781d14e274807a470acd180f0499f8bf5bb18606e9ec22ad9de9"
  name = "github.com/pborman/uuid"
  packages = ["."]
  pruneopts = "UT"
  revision = "adf5a7427709b9deb95d29d3fa8a2bf9cfd388f1"
  version = "v1.2"

[[projects]]
  digest = "1:cf31692c14422fa27c83a05292eb5cbe0fb2775972e8f1f8446a71549bd8980b"
  name = "github.com/pkg/errors"
  packages = ["."]
  pruneopts = "UT"
  revision = "ba968bfe8b2f7e042a574c888954fccecfa385b4"
  version = "v0.8.1"

[[projects]]
  branch = "master"
  digest = "1:c1e67c7e83de6e98a5eada02c5e5164d0ed51622473db9e029f8eb41a0ebf124"
  name = "github.com/zonradkuse/go-ldap-authenticator"
  packages = ["."]
  pruneopts = "UT"
  revision = "4db5610f96ff2f6040f885e908994f892cad2be9"

[[projects]]
  branch = "master"
  digest = "1:be27d4b618df104339b9aa8ee8c257527f67f8d063caae3fe3bbc275329b3a73"
  name = "github.com/zonradkuse/oauth-authenticator"
  packages = ["."]
  pruneopts = "UT"
  revision = "aae302ebc828b7a9f8b33fad93fadcd791bb04c0"

[[projects]]
  branch = "master"
  digest = "1:7b5ce208ea2ca1f96322e6a5b616839fe49ea798648a013039f300475a1aadfc"
  name = "golang.org/x/xerrors"
  packages = [
    ".",
    "internal",
  ]
  pruneopts = "UT"
  revision = "a985d3407aa71f30cf86696ee0a2f409709f22e1"

[[projects]]
  digest = "1:c25289f43ac4a68d88b02245742347c94f1e108c534dda442188015ff80669b3"
  name = "google.golang.org/appengine"
  packages = ["cloudsql"]
  pruneopts = "UT"
  revision = "b2f4a3cf3c67576a2ee09e1fe62656a5086ce880"
  version = "v1.6.1"

[[projects]]
  digest = "1:af07c44dc04418be522bfd4e21ca9130d58169ea084e3a883e23772003a381c4"
  name = "gopkg.in/asn1-ber.v1"
  packages = ["."]
  pruneopts = "UT"
  revision = "f715ec2f112d1e4195b827ad68cf44017a3ef2b1"
  version = "v1.3"

[[projects]]
  digest = "1:38cb4759428493e0b02eade2f8d2920eb55a8fb35acb45de3247f0fbeab81b78"
  name = "gopkg.in/gcfg.v1"
  packages = [
    ".",
    "scanner",
    "token",
    "types",
  ]
  pruneopts = "UT"
  revision = "61b2c08bc8f6068f7c5ca684372f9a6cb1c45ebe"
  version = "v1.2.3"

[[projects]]
  digest = "1:78d374b493e747afa9fbb2119687e3740a7fb8d0ebabddfef0a012593aaecbb3"
  name = "gopkg.in/warnings.v0"
  packages = ["."]
  pruneopts = "UT"
  revision = "ec4a0fea49c7b46c2aeb0b51aac55779c607e52b"
  version = "v0.1.2"

[solve-meta]
  analyzer-name = "dep"
  analyzer-version = 1
  input-imports = [
    "github.com/RangelReale/osin",
    "github.com/gorilla/handlers",
    "github.com/gorilla/mux",
    "github.com/pkg/errors",
    "github.com/zonradkuse/go-ldap-authenticator",
    "github.com/zonradkuse/oauth-authenticator",
    "gopkg.in/gcfg.v1",
  ]
  solver-name = "gps-cdcl"
  solver-version = 1
